
Microsoft Visual Studio Solution File, Format Version 12.00
# Visual Studio 15
VisualStudioVersion = 15.0.27428.2037
MinimumVisualStudioVersion = 10.0.40219.1
Project("{2150E333-8FDC-42A3-9474-1A3956D46DE8}") = "src", "src", "{3A8D4C13-B3CB-4760-B535-B7852E990EF5}"
EndProject
Project("{2150E333-8FDC-42A3-9474-1A3956D46DE8}") = "test", "test", "{059501EA-C73D-419F-8A03-710EA09DFAC6}"
EndProject
Project("{FAE04EC0-301F-11D3-BF4B-00C04F79EFBC}") = "Games.FLickerGamePlugin", "src\Games\Games.FLickerGamePlugin\Games.FLickerGamePlugin.csproj", "{4DC9E049-B18D-424A-8C31-57A0AC65AC2D}"
EndProject
Project("{2150E333-8FDC-42A3-9474-1A3956D46DE8}") = "Games", "Games", "{F5E2388C-8C21-4FA7-931F-670E3C2C94AF}"
EndProject
Project("{FAE04EC0-301F-11D3-BF4B-00C04F79EFBC}") = "EduGames", "src\EduGames\EduGames.csproj", "{D74E0F87-17E6-44DA-AEC6-14623EE05995}"
EndProject
Project("{FAE04EC0-301F-11D3-BF4B-00C04F79EFBC}") = "EduGamesTest", "test\EduGamesTest\EduGamesTest.csproj", "{FB33BEA5-CED9-4423-89ED-F19154A642FF}"
EndProject
Project("{2150E333-8FDC-42A3-9474-1A3956D46DE8}") = "Core", "Core", "{090FFB26-0844-4C1E-AC90-981A5033CB02}"
EndProject
Project("{FAE04EC0-301F-11D3-BF4B-00C04F79EFBC}") = "Core.Data", "src\Core\Core.Data\Core.Data.csproj", "{877264A9-A4A4-4E38-B217-4C6FB33901B4}"
EndProject
Project("{FAE04EC0-301F-11D3-BF4B-00C04F79EFBC}") = "Games.MandalaGamePlugin", "src\Games\Games.MandalaGamePlugin\Games.MandalaGamePlugin.csproj", "{497A260D-A53D-4C9F-ADBB-92B531D36D22}"
EndProject
Project("{FAE04EC0-301F-11D3-BF4B-00C04F79EFBC}") = "Games.WordGamePlugin", "src\Games\Games.WordGamePlugin\Games.WordGamePlugin.csproj", "{B28A7508-3F08-4501-BB11-0E0D7A31A4E1}"
EndProject
Project("{FAE04EC0-301F-11D3-BF4B-00C04F79EFBC}") = "Core.Utils", "src\Core\Core.Utils\Core.Utils.csproj", "{BB8885B2-ED3E-4B74-847D-3344B2CDD894}"
EndProject
Project("{2150E333-8FDC-42A3-9474-1A3956D46DE8}") = "Games", "Games", "{43EDF90D-F3DB-4C2A-BBBC-B8409E1EF7F7}"
EndProject
Project("{FAE04EC0-301F-11D3-BF4B-00C04F79EFBC}") = "Games.MandalaGamePlugin.Test", "test\Games\Games.MandalaGamePlugin.Test\Games.MandalaGamePlugin.Test.csproj", "{A2571243-0EC5-4D87-BF0B-580F7D0E5C3F}"
EndProject
Global
	GlobalSection(SolutionConfigurationPlatforms) = preSolution
		Debug|Any CPU = Debug|Any CPU
		Release|Any CPU = Release|Any CPU
	EndGlobalSection
	GlobalSection(ProjectConfigurationPlatforms) = postSolution
		{4DC9E049-B18D-424A-8C31-57A0AC65AC2D}.Debug|Any CPU.ActiveCfg = Debug|Any CPU
		{4DC9E049-B18D-424A-8C31-57A0AC65AC2D}.Debug|Any CPU.Build.0 = Debug|Any CPU
		{4DC9E049-B18D-424A-8C31-57A0AC65AC2D}.Release|Any CPU.ActiveCfg = Release|Any CPU
		{4DC9E049-B18D-424A-8C31-57A0AC65AC2D}.Release|Any CPU.Build.0 = Release|Any CPU
		{D74E0F87-17E6-44DA-AEC6-14623EE05995}.Debug|Any CPU.ActiveCfg = Debug|Any CPU
		{D74E0F87-17E6-44DA-AEC6-14623EE05995}.Debug|Any CPU.Build.0 = Debug|Any CPU
		{D74E0F87-17E6-44DA-AEC6-14623EE05995}.Release|Any CPU.ActiveCfg = Release|Any CPU
		{D74E0F87-17E6-44DA-AEC6-14623EE05995}.Release|Any CPU.Build.0 = Release|Any CPU
		{FB33BEA5-CED9-4423-89ED-F19154A642FF}.Debug|Any CPU.ActiveCfg = Debug|Any CPU
		{FB33BEA5-CED9-4423-89ED-F19154A642FF}.Debug|Any CPU.Build.0 = Debug|Any CPU
		{FB33BEA5-CED9-4423-89ED-F19154A642FF}.Release|Any CPU.ActiveCfg = Release|Any CPU
		{FB33BEA5-CED9-4423-89ED-F19154A642FF}.Release|Any CPU.Build.0 = Release|Any CPU
		{877264A9-A4A4-4E38-B217-4C6FB33901B4}.Debug|Any CPU.ActiveCfg = Debug|Any CPU
		{877264A9-A4A4-4E38-B217-4C6FB33901B4}.Debug|Any CPU.Build.0 = Debug|Any CPU
		{877264A9-A4A4-4E38-B217-4C6FB33901B4}.Release|Any CPU.ActiveCfg = Release|Any CPU
		{877264A9-A4A4-4E38-B217-4C6FB33901B4}.Release|Any CPU.Build.0 = Release|Any CPU
		{497A260D-A53D-4C9F-ADBB-92B531D36D22}.Debug|Any CPU.ActiveCfg = Debug|Any CPU
		{497A260D-A53D-4C9F-ADBB-92B531D36D22}.Debug|Any CPU.Build.0 = Debug|Any CPU
		{497A260D-A53D-4C9F-ADBB-92B531D36D22}.Release|Any CPU.ActiveCfg = Release|Any CPU
		{497A260D-A53D-4C9F-ADBB-92B531D36D22}.Release|Any CPU.Build.0 = Release|Any CPU
		{B28A7508-3F08-4501-BB11-0E0D7A31A4E1}.Debug|Any CPU.ActiveCfg = Debug|Any CPU
		{B28A7508-3F08-4501-BB11-0E0D7A31A4E1}.Debug|Any CPU.Build.0 = Debug|Any CPU
		{B28A7508-3F08-4501-BB11-0E0D7A31A4E1}.Release|Any CPU.ActiveCfg = Release|Any CPU
		{B28A7508-3F08-4501-BB11-0E0D7A31A4E1}.Release|Any CPU.Build.0 = Release|Any CPU
		{BB8885B2-ED3E-4B74-847D-3344B2CDD894}.Debug|Any CPU.ActiveCfg = Debug|Any CPU
		{BB8885B2-ED3E-4B74-847D-3344B2CDD894}.Debug|Any CPU.Build.0 = Debug|Any CPU
		{BB8885B2-ED3E-4B74-847D-3344B2CDD894}.Release|Any CPU.ActiveCfg = Release|Any CPU
		{BB8885B2-ED3E-4B74-847D-3344B2CDD894}.Release|Any CPU.Build.0 = Release|Any CPU
		{A2571243-0EC5-4D87-BF0B-580F7D0E5C3F}.Debug|Any CPU.ActiveCfg = Debug|Any CPU
		{A2571243-0EC5-4D87-BF0B-580F7D0E5C3F}.Debug|Any CPU.Build.0 = Debug|Any CPU
		{A2571243-0EC5-4D87-BF0B-580F7D0E5C3F}.Release|Any CPU.ActiveCfg = Release|Any CPU
		{A2571243-0EC5-4D87-BF0B-580F7D0E5C3F}.Release|Any CPU.Build.0 = Release|Any CPU
	EndGlobalSection
	GlobalSection(SolutionProperties) = preSolution
		HideSolutionNode = FALSE
	EndGlobalSection
	GlobalSection(NestedProjects) = preSolution
		{4DC9E049-B18D-424A-8C31-57A0AC65AC2D} = {F5E2388C-8C21-4FA7-931F-670E3C2C94AF}
		{F5E2388C-8C21-4FA7-931F-670E3C2C94AF} = {3A8D4C13-B3CB-4760-B535-B7852E990EF5}
		{D74E0F87-17E6-44DA-AEC6-14623EE05995} = {3A8D4C13-B3CB-4760-B535-B7852E990EF5}
		{FB33BEA5-CED9-4423-89ED-F19154A642FF} = {059501EA-C73D-419F-8A03-710EA09DFAC6}
		{090FFB26-0844-4C1E-AC90-981A5033CB02} = {3A8D4C13-B3CB-4760-B535-B7852E990EF5}
		{877264A9-A4A4-4E38-B217-4C6FB33901B4} = {090FFB26-0844-4C1E-AC90-981A5033CB02}
		{497A260D-A53D-4C9F-ADBB-92B531D36D22} = {F5E2388C-8C21-4FA7-931F-670E3C2C94AF}
		{B28A7508-3F08-4501-BB11-0E0D7A31A4E1} = {F5E2388C-8C21-4FA7-931F-670E3C2C94AF}
		{BB8885B2-ED3E-4B74-847D-3344B2CDD894} = {090FFB26-0844-4C1E-AC90-981A5033CB02}
		{43EDF90D-F3DB-4C2A-BBBC-B8409E1EF7F7} = {059501EA-C73D-419F-8A03-710EA09DFAC6}
		{A2571243-0EC5-4D87-BF0B-580F7D0E5C3F} = {43EDF90D-F3DB-4C2A-BBBC-B8409E1EF7F7}
	EndGlobalSection
	GlobalSection(ExtensibilityGlobals) = postSolution
		SolutionGuid = {75954B9E-F886-4974-9487-7D2CA1642F16}
	EndGlobalSection
EndGlobal
